
Microsoft Visual Studio Solution File, Format Version 12.00
# Visual Studio Version 16
VisualStudioVersion = 16.0.31829.152
MinimumVisualStudioVersion = 10.0.40219.1
Project("{9A19103F-16F7-4668-BE54-9A1E7A4F7556}") = "OpenSmsManager", "OpenSmsManager\OpenSmsManager.csproj", "{D05CBD20-416A-426A-AA4A-E1CB83B192C3}"
EndProject
Project("{9A19103F-16F7-4668-BE54-9A1E7A4F7556}") = "OpenSmsManager.Core", "OpenSmsManager.Core\OpenSmsManager.Core.csproj", "{058B2A6B-A416-4195-8286-CC4A81AC6FDF}"
EndProject
Project("{2150E333-8FDC-42A3-9474-1A3956D46DE8}") = "Solution Items", "Solution Items", "{564D04CF-B843-4C9E-A21D-0B58E02C6EA8}"
	ProjectSection(SolutionItems) = preProject
		Licences.txt = Licences.txt
		MIT.txt = MIT.txt
		README.md = README.md
	EndProjectSection
EndProject
Global
	GlobalSection(SolutionConfigurationPlatforms) = preSolution
		Debug|Any CPU = Debug|Any CPU
		Release|Any CPU = Release|Any CPU
	EndGlobalSection
	GlobalSection(ProjectConfigurationPlatforms) = postSolution
		{D05CBD20-416A-426A-AA4A-E1CB83B192C3}.Debug|Any CPU.ActiveCfg = Debug|Any CPU
		{D05CBD20-416A-426A-AA4A-E1CB83B192C3}.Debug|Any CPU.Build.0 = Debug|Any CPU
		{D05CBD20-416A-426A-AA4A-E1CB83B192C3}.Release|Any CPU.ActiveCfg = Release|Any CPU
		{D05CBD20-416A-426A-AA4A-E1CB83B192C3}.Release|Any CPU.Build.0 = Release|Any CPU
		{058B2A6B-A416-4195-8286-CC4A81AC6FDF}.Debug|Any CPU.ActiveCfg = Debug|Any CPU
		{058B2A6B-A416-4195-8286-CC4A81AC6FDF}.Debug|Any CPU.Build.0 = Debug|Any CPU
		{058B2A6B-A416-4195-8286-CC4A81AC6FDF}.Release|Any CPU.ActiveCfg = Release|Any CPU
		{058B2A6B-A416-4195-8286-CC4A81AC6FDF}.Release|Any CPU.Build.0 = Release|Any CPU
	EndGlobalSection
	GlobalSection(SolutionProperties) = preSolution
		HideSolutionNode = FALSE
	EndGlobalSection
	GlobalSection(ExtensibilityGlobals) = postSolution
		SolutionGuid = {998F62B2-FA64-47E2-B000-90E46CC9D836}
	EndGlobalSection
EndGlobal
